// !$*UTF8*$!
{
	archiveVersion = 1;
	classes = {
	};
	objectVersion = 56;
	objects = {

/* Begin PBXBuildFile section */
		884D7BD629CF6598007070D5 /* AbsenceAPI.swift in Sources */ = {isa = PBXBuildFile; fileRef = 884D7BD529CF6598007070D5 /* AbsenceAPI.swift */; };
		88BBE76629CF5191003F2B6A /* AbsenceManager.swift in Sources */ = {isa = PBXBuildFile; fileRef = 88BBE76529CF5191003F2B6A /* AbsenceManager.swift */; };
		88F789F929CEF9850018CE04 /* main.swift in Sources */ = {isa = PBXBuildFile; fileRef = 88F789F829CEF9850018CE04 /* main.swift */; };
		88F78A1C29CF19270018CE04 /* WorkEvent.swift in Sources */ = {isa = PBXBuildFile; fileRef = 88F78A1B29CF19270018CE04 /* WorkEvent.swift */; };
		88F78A2029CF19DB0018CE04 /* DateUtil.swift in Sources */ = {isa = PBXBuildFile; fileRef = 88F78A1F29CF19DB0018CE04 /* DateUtil.swift */; };
		88F78A2429CF2C1C0018CE04 /* CalenderManager.swift in Sources */ = {isa = PBXBuildFile; fileRef = 88F78A2329CF2C1C0018CE04 /* CalenderManager.swift */; };
		88FF198A29CF5CF400BDD1A2 /* SwiftyHawk in Frameworks */ = {isa = PBXBuildFile; productRef = 88FF198929CF5CF400BDD1A2 /* SwiftyHawk */; };
		88FF199D29CF5D4A00BDD1A2 /* DTOs.swift in Sources */ = {isa = PBXBuildFile; fileRef = 88FF199029CF5D4900BDD1A2 /* DTOs.swift */; };
/* End PBXBuildFile section */

/* Begin PBXCopyFilesBuildPhase section */
		88F789F329CEF9850018CE04 /* CopyFiles */ = {
			isa = PBXCopyFilesBuildPhase;
			buildActionMask = 2147483647;
			dstPath = /usr/share/man/man1/;
			dstSubfolderSpec = 0;
			files = (
			);
			runOnlyForDeploymentPostprocessing = 1;
		};
/* End PBXCopyFilesBuildPhase section */

/* Begin PBXFileReference section */
		884D7BD529CF6598007070D5 /* AbsenceAPI.swift */ = {isa = PBXFileReference; fileEncoding = 4; lastKnownFileType = sourcecode.swift; path = AbsenceAPI.swift; sourceTree = "<group>"; };
		88BBE76529CF5191003F2B6A /* AbsenceManager.swift */ = {isa = PBXFileReference; lastKnownFileType = sourcecode.swift; path = AbsenceManager.swift; sourceTree = "<group>"; };
		88F789F529CEF9850018CE04 /* WorkTimeUtil */ = {isa = PBXFileReference; explicitFileType = "compiled.mach-o.executable"; includeInIndex = 0; path = WorkTimeUtil; sourceTree = BUILT_PRODUCTS_DIR; };
		88F789F829CEF9850018CE04 /* main.swift */ = {isa = PBXFileReference; lastKnownFileType = sourcecode.swift; path = main.swift; sourceTree = "<group>"; };
		88F789FF29CEFA6F0018CE04 /* WorkTimeUtil.entitlements */ = {isa = PBXFileReference; lastKnownFileType = text.plist.entitlements; path = WorkTimeUtil.entitlements; sourceTree = "<group>"; };
		88F78A1B29CF19270018CE04 /* WorkEvent.swift */ = {isa = PBXFileReference; lastKnownFileType = sourcecode.swift; path = WorkEvent.swift; sourceTree = "<group>"; };
		88F78A1F29CF19DB0018CE04 /* DateUtil.swift */ = {isa = PBXFileReference; lastKnownFileType = sourcecode.swift; path = DateUtil.swift; sourceTree = "<group>"; };
		88F78A2329CF2C1C0018CE04 /* CalenderManager.swift */ = {isa = PBXFileReference; fileEncoding = 4; lastKnownFileType = sourcecode.swift; path = CalenderManager.swift; sourceTree = "<group>"; };
		88FF199029CF5D4900BDD1A2 /* DTOs.swift */ = {isa = PBXFileReference; fileEncoding = 4; lastKnownFileType = sourcecode.swift; path = DTOs.swift; sourceTree = "<group>"; };
/* End PBXFileReference section */

/* Begin PBXFrameworksBuildPhase section */
		88F789F229CEF9850018CE04 /* Frameworks */ = {
			isa = PBXFrameworksBuildPhase;
			buildActionMask = 2147483647;
			files = (
				88FF198A29CF5CF400BDD1A2 /* SwiftyHawk in Frameworks */,
			);
			runOnlyForDeploymentPostprocessing = 0;
		};
/* End PBXFrameworksBuildPhase section */

/* Begin PBXGroup section */
		88F789EC29CEF9850018CE04 = {
			isa = PBXGroup;
			children = (
				88F789F729CEF9850018CE04 /* WorkTimeUtil */,
				88F789F629CEF9850018CE04 /* Products */,
			);
			sourceTree = "<group>";
		};
		88F789F629CEF9850018CE04 /* Products */ = {
			isa = PBXGroup;
			children = (
				88F789F529CEF9850018CE04 /* WorkTimeUtil */,
			);
			name = Products;
			sourceTree = "<group>";
		};
		88F789F729CEF9850018CE04 /* WorkTimeUtil */ = {
			isa = PBXGroup;
			children = (
				88FF198B29CF5D1000BDD1A2 /* Absence */,
				88F789FF29CEFA6F0018CE04 /* WorkTimeUtil.entitlements */,
				88BBE76529CF5191003F2B6A /* AbsenceManager.swift */,
				88F78A2329CF2C1C0018CE04 /* CalenderManager.swift */,
				88F78A1F29CF19DB0018CE04 /* DateUtil.swift */,
				88F78A1B29CF19270018CE04 /* WorkEvent.swift */,
				88F789F829CEF9850018CE04 /* main.swift */,
			);
			path = WorkTimeUtil;
			sourceTree = "<group>";
		};
		88FF198B29CF5D1000BDD1A2 /* Absence */ = {
			isa = PBXGroup;
			children = (
				884D7BD529CF6598007070D5 /* AbsenceAPI.swift */,
				88FF199029CF5D4900BDD1A2 /* DTOs.swift */,
			);
			path = Absence;
			sourceTree = "<group>";
		};
/* End PBXGroup section */

/* Begin PBXNativeTarget section */
		88F789F429CEF9850018CE04 /* WorkTimeUtil */ = {
			isa = PBXNativeTarget;
			buildConfigurationList = 88F789FC29CEF9850018CE04 /* Build configuration list for PBXNativeTarget "WorkTimeUtil" */;
			buildPhases = (
				88F789F129CEF9850018CE04 /* Sources */,
				88F789F229CEF9850018CE04 /* Frameworks */,
				88F789F329CEF9850018CE04 /* CopyFiles */,
			);
			buildRules = (
			);
			dependencies = (
			);
			name = WorkTimeUtil;
			packageProductDependencies = (
				88FF198929CF5CF400BDD1A2 /* SwiftyHawk */,
			);
			productName = WorkTimeUtil;
			productReference = 88F789F529CEF9850018CE04 /* WorkTimeUtil */;
			productType = "com.apple.product-type.tool";
		};
/* End PBXNativeTarget section */

/* Begin PBXProject section */
		88F789ED29CEF9850018CE04 /* Project object */ = {
			isa = PBXProject;
			attributes = {
				BuildIndependentTargetsInParallel = 1;
				LastSwiftUpdateCheck = 1420;
				LastUpgradeCheck = 1420;
				TargetAttributes = {
					88F789F429CEF9850018CE04 = {
						CreatedOnToolsVersion = 14.2;
					};
				};
			};
			buildConfigurationList = 88F789F029CEF9850018CE04 /* Build configuration list for PBXProject "WorkTimeUtil" */;
			compatibilityVersion = "Xcode 14.0";
			developmentRegion = en;
			hasScannedForEncodings = 0;
			knownRegions = (
				en,
				Base,
			);
			mainGroup = 88F789EC29CEF9850018CE04;
			packageReferences = (
				88FF198829CF5CF400BDD1A2 /* XCRemoteSwiftPackageReference "SwiftyHawk" */,
			);
			productRefGroup = 88F789F629CEF9850018CE04 /* Products */;
			projectDirPath = "";
			projectRoot = "";
			targets = (
				88F789F429CEF9850018CE04 /* WorkTimeUtil */,
			);
		};
/* End PBXProject section */

/* Begin PBXSourcesBuildPhase section */
		88F789F129CEF9850018CE04 /* Sources */ = {
			isa = PBXSourcesBuildPhase;
			buildActionMask = 2147483647;
			files = (
				88F789F929CEF9850018CE04 /* main.swift in Sources */,
				88BBE76629CF5191003F2B6A /* AbsenceManager.swift in Sources */,
				88F78A2029CF19DB0018CE04 /* DateUtil.swift in Sources */,
				88FF199D29CF5D4A00BDD1A2 /* DTOs.swift in Sources */,
				88F78A2429CF2C1C0018CE04 /* CalenderManager.swift in Sources */,
				884D7BD629CF6598007070D5 /* AbsenceAPI.swift in Sources */,
				88F78A1C29CF19270018CE04 /* WorkEvent.swift in Sources */,
			);
			runOnlyForDeploymentPostprocessing = 0;
		};
/* End PBXSourcesBuildPhase section */

/* Begin XCBuildConfiguration section */
		88F789FA29CEF9850018CE04 /* Debug */ = {
			isa = XCBuildConfiguration;
			buildSettings = {
				ALWAYS_SEARCH_USER_PATHS = NO;
				CLANG_ANALYZER_NONNULL = YES;
				CLANG_ANALYZER_NUMBER_OBJECT_CONVERSION = YES_AGGRESSIVE;
				CLANG_CXX_LANGUAGE_STANDARD = "gnu++20";
				CLANG_ENABLE_MODULES = YES;
				CLANG_ENABLE_OBJC_ARC = YES;
				CLANG_ENABLE_OBJC_WEAK = YES;
				CLANG_WARN_BLOCK_CAPTURE_AUTORELEASING = YES;
				CLANG_WARN_BOOL_CONVERSION = YES;
				CLANG_WARN_COMMA = YES;
				CLANG_WARN_CONSTANT_CONVERSION = YES;
				CLANG_WARN_DEPRECATED_OBJC_IMPLEMENTATIONS = YES;
				CLANG_WARN_DIRECT_OBJC_ISA_USAGE = YES_ERROR;
				CLANG_WARN_DOCUMENTATION_COMMENTS = YES;
				CLANG_WARN_EMPTY_BODY = YES;
				CLANG_WARN_ENUM_CONVERSION = YES;
				CLANG_WARN_INFINITE_RECURSION = YES;
				CLANG_WARN_INT_CONVERSION = YES;
				CLANG_WARN_NON_LITERAL_NULL_CONVERSION = YES;
				CLANG_WARN_OBJC_IMPLICIT_RETAIN_SELF = YES;
				CLANG_WARN_OBJC_LITERAL_CONVERSION = YES;
				CLANG_WARN_OBJC_ROOT_CLASS = YES_ERROR;
				CLANG_WARN_QUOTED_INCLUDE_IN_FRAMEWORK_HEADER = YES;
				CLANG_WARN_RANGE_LOOP_ANALYSIS = YES;
				CLANG_WARN_STRICT_PROTOTYPES = YES;
				CLANG_WARN_SUSPICIOUS_MOVE = YES;
				CLANG_WARN_UNGUARDED_AVAILABILITY = YES_AGGRESSIVE;
				CLANG_WARN_UNREACHABLE_CODE = YES;
				CLANG_WARN__DUPLICATE_METHOD_MATCH = YES;
				COPY_PHASE_STRIP = NO;
				DEBUG_INFORMATION_FORMAT = dwarf;
				ENABLE_STRICT_OBJC_MSGSEND = YES;
				ENABLE_TESTABILITY = YES;
				GCC_C_LANGUAGE_STANDARD = gnu11;
				GCC_DYNAMIC_NO_PIC = NO;
				GCC_NO_COMMON_BLOCKS = YES;
				GCC_OPTIMIZATION_LEVEL = 0;
				GCC_PREPROCESSOR_DEFINITIONS = (
					"DEBUG=1",
					"$(inherited)",
				);
				GCC_WARN_64_TO_32_BIT_CONVERSION = YES;
				GCC_WARN_ABOUT_RETURN_TYPE = YES_ERROR;
				GCC_WARN_UNDECLARED_SELECTOR = YES;
				GCC_WARN_UNINITIALIZED_AUTOS = YES_AGGRESSIVE;
				GCC_WARN_UNUSED_FUNCTION = YES;
				GCC_WARN_UNUSED_VARIABLE = YES;
				MACOSX_DEPLOYMENT_TARGET = 13.1;
				MTL_ENABLE_DEBUG_INFO = INCLUDE_SOURCE;
				MTL_FAST_MATH = YES;
				ONLY_ACTIVE_ARCH = YES;
				SDKROOT = macosx;
				SWIFT_ACTIVE_COMPILATION_CONDITIONS = DEBUG;
				SWIFT_OPTIMIZATION_LEVEL = "-Onone";
			};
			name = Debug;
		};
		88F789FB29CEF9850018CE04 /* Release */ = {
			isa = XCBuildConfiguration;
			buildSettings = {
				ALWAYS_SEARCH_USER_PATHS = NO;
				CLANG_ANALYZER_NONNULL = YES;
				CLANG_ANALYZER_NUMBER_OBJECT_CONVERSION = YES_AGGRESSIVE;
				CLANG_CXX_LANGUAGE_STANDARD = "gnu++20";
				CLANG_ENABLE_MODULES = YES;
				CLANG_ENABLE_OBJC_ARC = YES;
				CLANG_ENABLE_OBJC_WEAK = YES;
				CLANG_WARN_BLOCK_CAPTURE_AUTORELEASING = YES;
				CLANG_WARN_BOOL_CONVERSION = YES;
				CLANG_WARN_COMMA = YES;
				CLANG_WARN_CONSTANT_CONVERSION = YES;
				CLANG_WARN_DEPRECATED_OBJC_IMPLEMENTATIONS = YES;
				CLANG_WARN_DIRECT_OBJC_ISA_USAGE = YES_ERROR;
				CLANG_WARN_DOCUMENTATION_COMMENTS = YES;
				CLANG_WARN_EMPTY_BODY = YES;
				CLANG_WARN_ENUM_CONVERSION = YES;
				CLANG_WARN_INFINITE_RECURSION = YES;
				CLANG_WARN_INT_CONVERSION = YES;
				CLANG_WARN_NON_LITERAL_NULL_CONVERSION = YES;
				CLANG_WARN_OBJC_IMPLICIT_RETAIN_SELF = YES;
				CLANG_WARN_OBJC_LITERAL_CONVERSION = YES;
				CLANG_WARN_OBJC_ROOT_CLASS = YES_ERROR;
				CLANG_WARN_QUOTED_INCLUDE_IN_FRAMEWORK_HEADER = YES;
				CLANG_WARN_RANGE_LOOP_ANALYSIS = YES;
				CLANG_WARN_STRICT_PROTOTYPES = YES;
				CLANG_WARN_SUSPICIOUS_MOVE = YES;
				CLANG_WARN_UNGUARDED_AVAILABILITY = YES_AGGRESSIVE;
				CLANG_WARN_UNREACHABLE_CODE = YES;
				CLANG_WARN__DUPLICATE_METHOD_MATCH = YES;
				COPY_PHASE_STRIP = NO;
				DEBUG_INFORMATION_FORMAT = "dwarf-with-dsym";
				ENABLE_NS_ASSERTIONS = NO;
				ENABLE_STRICT_OBJC_MSGSEND = YES;
				GCC_C_LANGUAGE_STANDARD = gnu11;
				GCC_NO_COMMON_BLOCKS = YES;
				GCC_WARN_64_TO_32_BIT_CONVERSION = YES;
				GCC_WARN_ABOUT_RETURN_TYPE = YES_ERROR;
				GCC_WARN_UNDECLARED_SELECTOR = YES;
				GCC_WARN_UNINITIALIZED_AUTOS = YES_AGGRESSIVE;
				GCC_WARN_UNUSED_FUNCTION = YES;
				GCC_WARN_UNUSED_VARIABLE = YES;
				MACOSX_DEPLOYMENT_TARGET = 13.1;
				MTL_ENABLE_DEBUG_INFO = NO;
				MTL_FAST_MATH = YES;
				SDKROOT = macosx;
				SWIFT_COMPILATION_MODE = wholemodule;
				SWIFT_OPTIMIZATION_LEVEL = "-O";
			};
			name = Release;
		};
		88F789FD29CEF9850018CE04 /* Debug */ = {
			isa = XCBuildConfiguration;
			buildSettings = {
				CODE_SIGN_ENTITLEMENTS = WorkTimeUtil/WorkTimeUtil.entitlements;
				CODE_SIGN_STYLE = Automatic;
				DEVELOPMENT_TEAM = 52M2HV7QQ7;
				ENABLE_HARDENED_RUNTIME = YES;
				PRODUCT_NAME = "$(TARGET_NAME)";
				SWIFT_VERSION = 5.0;
			};
			name = Debug;
		};
		88F789FE29CEF9850018CE04 /* Release */ = {
			isa = XCBuildConfiguration;
			buildSettings = {
				CODE_SIGN_ENTITLEMENTS = WorkTimeUtil/WorkTimeUtil.entitlements;
				CODE_SIGN_STYLE = Automatic;
				DEVELOPMENT_TEAM = 52M2HV7QQ7;
				ENABLE_HARDENED_RUNTIME = YES;
				PRODUCT_NAME = "$(TARGET_NAME)";
				SWIFT_VERSION = 5.0;
			};
			name = Release;
		};
/* End XCBuildConfiguration section */

/* Begin XCConfigurationList section */
		88F789F029CEF9850018CE04 /* Build configuration list for PBXProject "WorkTimeUtil" */ = {
			isa = XCConfigurationList;
			buildConfigurations = (
				88F789FA29CEF9850018CE04 /* Debug */,
				88F789FB29CEF9850018CE04 /* Release */,
			);
			defaultConfigurationIsVisible = 0;
			defaultConfigurationName = Release;
		};
		88F789FC29CEF9850018CE04 /* Build configuration list for PBXNativeTarget "WorkTimeUtil" */ = {
			isa = XCConfigurationList;
			buildConfigurations = (
				88F789FD29CEF9850018CE04 /* Debug */,
				88F789FE29CEF9850018CE04 /* Release */,
			);
			defaultConfigurationIsVisible = 0;
			defaultConfigurationName = Release;
		};
/* End XCConfigurationList section */

/* Begin XCRemoteSwiftPackageReference section */
		88FF198829CF5CF400BDD1A2 /* XCRemoteSwiftPackageReference "SwiftyHawk" */ = {
			isa = XCRemoteSwiftPackageReference;
			repositoryURL = "https://github.com/cpageler93/SwiftyHawk";
			requirement = {
				kind = upToNextMajorVersion;
				minimumVersion = 0.1.4;
			};
		};
/* End XCRemoteSwiftPackageReference section */

/* Begin XCSwiftPackageProductDependency section */
		88FF198929CF5CF400BDD1A2 /* SwiftyHawk */ = {
			isa = XCSwiftPackageProductDependency;
			package = 88FF198829CF5CF400BDD1A2 /* XCRemoteSwiftPackageReference "SwiftyHawk" */;
			productName = SwiftyHawk;
		};
/* End XCSwiftPackageProductDependency section */
	};
	rootObject = 88F789ED29CEF9850018CE04 /* Project object */;
}
